// !$*UTF8*$!
{
	archiveVersion = 1;
	classes = {
	};
	objectVersion = 56;
	objects = {

/* Begin PBXBuildFile section */
		E9119DD72C2A3D1000650171 /* Modulo_9_Practica_1App.swift in Sources */ = {isa = PBXBuildFile; fileRef = E9119DD62C2A3D1000650171 /* Modulo_9_Practica_1App.swift */; };
		E9119DD92C2A3D1000650171 /* ContentView.swift in Sources */ = {isa = PBXBuildFile; fileRef = E9119DD82C2A3D1000650171 /* ContentView.swift */; };
		E9119DDB2C2A3D1100650171 /* Assets.xcassets in Resources */ = {isa = PBXBuildFile; fileRef = E9119DDA2C2A3D1100650171 /* Assets.xcassets */; };
		E9119DDE2C2A3D1100650171 /* Preview Assets.xcassets in Resources */ = {isa = PBXBuildFile; fileRef = E9119DDD2C2A3D1100650171 /* Preview Assets.xcassets */; };
		E9119DE52C2A3F2100650171 /* AudioViewModel.swift in Sources */ = {isa = PBXBuildFile; fileRef = E9119DE42C2A3F2100650171 /* AudioViewModel.swift */; };
		E9119DE72C2A48A300650171 /* WifiMonitor.swift in Sources */ = {isa = PBXBuildFile; fileRef = E9119DE62C2A48A300650171 /* WifiMonitor.swift */; };
		E994A5002C2B3FD50037FA84 /* AudioView.swift in Sources */ = {isa = PBXBuildFile; fileRef = E994A4FF2C2B3FD50037FA84 /* AudioView.swift */; };
/* End PBXBuildFile section */

/* Begin PBXFileReference section */
		E9119DD32C2A3D1000650171 /* Modulo 9 Practica 1.app */ = {isa = PBXFileReference; explicitFileType = wrapper.application; includeInIndex = 0; path = "Modulo 9 Practica 1.app"; sourceTree = BUILT_PRODUCTS_DIR; };
		E9119DD62C2A3D1000650171 /* Modulo_9_Practica_1App.swift */ = {isa = PBXFileReference; lastKnownFileType = sourcecode.swift; path = Modulo_9_Practica_1App.swift; sourceTree = "<group>"; };
		E9119DD82C2A3D1000650171 /* ContentView.swift */ = {isa = PBXFileReference; lastKnownFileType = sourcecode.swift; path = ContentView.swift; sourceTree = "<group>"; };
		E9119DDA2C2A3D1100650171 /* Assets.xcassets */ = {isa = PBXFileReference; lastKnownFileType = folder.assetcatalog; path = Assets.xcassets; sourceTree = "<group>"; };
		E9119DDD2C2A3D1100650171 /* Preview Assets.xcassets */ = {isa = PBXFileReference; lastKnownFileType = folder.assetcatalog; path = "Preview Assets.xcassets"; sourceTree = "<group>"; };
		E9119DE42C2A3F2100650171 /* AudioViewModel.swift */ = {isa = PBXFileReference; lastKnownFileType = sourcecode.swift; path = AudioViewModel.swift; sourceTree = "<group>"; };
		E9119DE62C2A48A300650171 /* WifiMonitor.swift */ = {isa = PBXFileReference; lastKnownFileType = sourcecode.swift; path = WifiMonitor.swift; sourceTree = "<group>"; };
		E959424E2C2B45F8005409C9 /* Modulo-9-Practica-1-Info.plist */ = {isa = PBXFileReference; lastKnownFileType = text.plist; path = "Modulo-9-Practica-1-Info.plist"; sourceTree = SOURCE_ROOT; };
		E994A4FF2C2B3FD50037FA84 /* AudioView.swift */ = {isa = PBXFileReference; lastKnownFileType = sourcecode.swift; path = AudioView.swift; sourceTree = "<group>"; };
/* End PBXFileReference section */

/* Begin PBXFrameworksBuildPhase section */
		E9119DD02C2A3D1000650171 /* Frameworks */ = {
			isa = PBXFrameworksBuildPhase;
			buildActionMask = 2147483647;
			files = (
			);
			runOnlyForDeploymentPostprocessing = 0;
		};
/* End PBXFrameworksBuildPhase section */

/* Begin PBXGroup section */
		E9119DCA2C2A3D1000650171 = {
			isa = PBXGroup;
			children = (
				E9119DD52C2A3D1000650171 /* Modulo 9 Practica 1 */,
				E9119DD42C2A3D1000650171 /* Products */,
			);
			sourceTree = "<group>";
		};
		E9119DD42C2A3D1000650171 /* Products */ = {
			isa = PBXGroup;
			children = (
				E9119DD32C2A3D1000650171 /* Modulo 9 Practica 1.app */,
			);
			name = Products;
			sourceTree = "<group>";
		};
		E9119DD52C2A3D1000650171 /* Modulo 9 Practica 1 */ = {
			isa = PBXGroup;
			children = (
				E959424E2C2B45F8005409C9 /* Modulo-9-Practica-1-Info.plist */,
				E9119DD62C2A3D1000650171 /* Modulo_9_Practica_1App.swift */,
				E9119DD82C2A3D1000650171 /* ContentView.swift */,
				E994A4FF2C2B3FD50037FA84 /* AudioView.swift */,
				E9119DE42C2A3F2100650171 /* AudioViewModel.swift */,
				E9119DE62C2A48A300650171 /* WifiMonitor.swift */,
				E9119DDA2C2A3D1100650171 /* Assets.xcassets */,
				E9119DDC2C2A3D1100650171 /* Preview Content */,
			);
			path = "Modulo 9 Practica 1";
			sourceTree = "<group>";
		};
		E9119DDC2C2A3D1100650171 /* Preview Content */ = {
			isa = PBXGroup;
			children = (
				E9119DDD2C2A3D1100650171 /* Preview Assets.xcassets */,
			);
			path = "Preview Content";
			sourceTree = "<group>";
		};
/* End PBXGroup section */

/* Begin PBXNativeTarget section */
		E9119DD22C2A3D1000650171 /* Modulo 9 Practica 1 */ = {
			isa = PBXNativeTarget;
			buildConfigurationList = E9119DE12C2A3D1100650171 /* Build configuration list for PBXNativeTarget "Modulo 9 Practica 1" */;
			buildPhases = (
				E9119DCF2C2A3D1000650171 /* Sources */,
				E9119DD02C2A3D1000650171 /* Frameworks */,
				E9119DD12C2A3D1000650171 /* Resources */,
			);
			buildRules = (
			);
			dependencies = (
			);
			name = "Modulo 9 Practica 1";
			productName = "Modulo 9 Practica 1";
			productReference = E9119DD32C2A3D1000650171 /* Modulo 9 Practica 1.app */;
			productType = "com.apple.product-type.application";
		};
/* End PBXNativeTarget section */

/* Begin PBXProject section */
		E9119DCB2C2A3D1000650171 /* Project object */ = {
			isa = PBXProject;
			attributes = {
				BuildIndependentTargetsInParallel = 1;
				LastSwiftUpdateCheck = 1540;
				LastUpgradeCheck = 1540;
				TargetAttributes = {
					E9119DD22C2A3D1000650171 = {
						CreatedOnToolsVersion = 15.4;
					};
				};
			};
			buildConfigurationList = E9119DCE2C2A3D1000650171 /* Build configuration list for PBXProject "Modulo 9 Practica 1" */;
			compatibilityVersion = "Xcode 14.0";
			developmentRegion = en;
			hasScannedForEncodings = 0;
			knownRegions = (
				en,
				Base,
			);
			mainGroup = E9119DCA2C2A3D1000650171;
			productRefGroup = E9119DD42C2A3D1000650171 /* Products */;
			projectDirPath = "";
			projectRoot = "";
			targets = (
				E9119DD22C2A3D1000650171 /* Modulo 9 Practica 1 */,
			);
		};
/* End PBXProject section */

/* Begin PBXResourcesBuildPhase section */
		E9119DD12C2A3D1000650171 /* Resources */ = {
			isa = PBXResourcesBuildPhase;
			buildActionMask = 2147483647;
			files = (
				E9119DDE2C2A3D1100650171 /* Preview Assets.xcassets in Resources */,
				E9119DDB2C2A3D1100650171 /* Assets.xcassets in Resources */,
			);
			runOnlyForDeploymentPostprocessing = 0;
		};
/* End PBXResourcesBuildPhase section */

/* Begin PBXSourcesBuildPhase section */
		E9119DCF2C2A3D1000650171 /* Sources */ = {
			isa = PBXSourcesBuildPhase;
			buildActionMask = 2147483647;
			files = (
				E9119DD92C2A3D1000650171 /* ContentView.swift in Sources */,
				E994A5002C2B3FD50037FA84 /* AudioView.swift in Sources */,
				E9119DE72C2A48A300650171 /* WifiMonitor.swift in Sources */,
				E9119DE52C2A3F2100650171 /* AudioViewModel.swift in Sources */,
				E9119DD72C2A3D1000650171 /* Modulo_9_Practica_1App.swift in Sources */,
			);
			runOnlyForDeploymentPostprocessing = 0;
		};
/* End PBXSourcesBuildPhase section */

/* Begin XCBuildConfiguration section */
		E9119DDF2C2A3D1100650171 /* Debug */ = {
			isa = XCBuildConfiguration;
			buildSettings = {
				ALWAYS_SEARCH_USER_PATHS = NO;
				ASSETCATALOG_COMPILER_GENERATE_SWIFT_ASSET_SYMBOL_EXTENSIONS = YES;
				CLANG_ANALYZER_NONNULL = YES;
				CLANG_ANALYZER_NUMBER_OBJECT_CONVERSION = YES_AGGRESSIVE;
				CLANG_CXX_LANGUAGE_STANDARD = "gnu++20";
				CLANG_ENABLE_MODULES = YES;
				CLANG_ENABLE_OBJC_ARC = YES;
				CLANG_ENABLE_OBJC_WEAK = YES;
				CLANG_WARN_BLOCK_CAPTURE_AUTORELEASING = YES;
				CLANG_WARN_BOOL_CONVERSION = YES;
				CLANG_WARN_COMMA = YES;
				CLANG_WARN_CONSTANT_CONVERSION = YES;
				CLANG_WARN_DEPRECATED_OBJC_IMPLEMENTATIONS = YES;
				CLANG_WARN_DIRECT_OBJC_ISA_USAGE = YES_ERROR;
				CLANG_WARN_DOCUMENTATION_COMMENTS = YES;
				CLANG_WARN_EMPTY_BODY = YES;
				CLANG_WARN_ENUM_CONVERSION = YES;
				CLANG_WARN_INFINITE_RECURSION = YES;
				CLANG_WARN_INT_CONVERSION = YES;
				CLANG_WARN_NON_LITERAL_NULL_CONVERSION = YES;
				CLANG_WARN_OBJC_IMPLICIT_RETAIN_SELF = YES;
				CLANG_WARN_OBJC_LITERAL_CONVERSION = YES;
				CLANG_WARN_OBJC_ROOT_CLASS = YES_ERROR;
				CLANG_WARN_QUOTED_INCLUDE_IN_FRAMEWORK_HEADER = YES;
				CLANG_WARN_RANGE_LOOP_ANALYSIS = YES;
				CLANG_WARN_STRICT_PROTOTYPES = YES;
				CLANG_WARN_SUSPICIOUS_MOVE = YES;
				CLANG_WARN_UNGUARDED_AVAILABILITY = YES_AGGRESSIVE;
				CLANG_WARN_UNREACHABLE_CODE = YES;
				CLANG_WARN__DUPLICATE_METHOD_MATCH = YES;
				COPY_PHASE_STRIP = NO;
				DEBUG_INFORMATION_FORMAT = dwarf;
				ENABLE_STRICT_OBJC_MSGSEND = YES;
				ENABLE_TESTABILITY = YES;
				ENABLE_USER_SCRIPT_SANDBOXING = YES;
				GCC_C_LANGUAGE_STANDARD = gnu17;
				GCC_DYNAMIC_NO_PIC = NO;
				GCC_NO_COMMON_BLOCKS = YES;
				GCC_OPTIMIZATION_LEVEL = 0;
				GCC_PREPROCESSOR_DEFINITIONS = (
					"DEBUG=1",
					"$(inherited)",
				);
				GCC_WARN_64_TO_32_BIT_CONVERSION = YES;
				GCC_WARN_ABOUT_RETURN_TYPE = YES_ERROR;
				GCC_WARN_UNDECLARED_SELECTOR = YES;
				GCC_WARN_UNINITIALIZED_AUTOS = YES_AGGRESSIVE;
				GCC_WARN_UNUSED_FUNCTION = YES;
				GCC_WARN_UNUSED_VARIABLE = YES;
				IPHONEOS_DEPLOYMENT_TARGET = 17.5;
				LOCALIZATION_PREFERS_STRING_CATALOGS = YES;
				MTL_ENABLE_DEBUG_INFO = INCLUDE_SOURCE;
				MTL_FAST_MATH = YES;
				ONLY_ACTIVE_ARCH = YES;
				SDKROOT = iphoneos;
				SWIFT_ACTIVE_COMPILATION_CONDITIONS = "DEBUG $(inherited)";
				SWIFT_OPTIMIZATION_LEVEL = "-Onone";
			};
			name = Debug;
		};
		E9119DE02C2A3D1100650171 /* Release */ = {
			isa = XCBuildConfiguration;
			buildSettings = {
				ALWAYS_SEARCH_USER_PATHS = NO;
				ASSETCATALOG_COMPILER_GENERATE_SWIFT_ASSET_SYMBOL_EXTENSIONS = YES;
				CLANG_ANALYZER_NONNULL = YES;
				CLANG_ANALYZER_NUMBER_OBJECT_CONVERSION = YES_AGGRESSIVE;
				CLANG_CXX_LANGUAGE_STANDARD = "gnu++20";
				CLANG_ENABLE_MODULES = YES;
				CLANG_ENABLE_OBJC_ARC = YES;
				CLANG_ENABLE_OBJC_WEAK = YES;
				CLANG_WARN_BLOCK_CAPTURE_AUTORELEASING = YES;
				CLANG_WARN_BOOL_CONVERSION = YES;
				CLANG_WARN_COMMA = YES;
				CLANG_WARN_CONSTANT_CONVERSION = YES;
				CLANG_WARN_DEPRECATED_OBJC_IMPLEMENTATIONS = YES;
				CLANG_WARN_DIRECT_OBJC_ISA_USAGE = YES_ERROR;
				CLANG_WARN_DOCUMENTATION_COMMENTS = YES;
				CLANG_WARN_EMPTY_BODY = YES;
				CLANG_WARN_ENUM_CONVERSION = YES;
				CLANG_WARN_INFINITE_RECURSION = YES;
				CLANG_WARN_INT_CONVERSION = YES;
				CLANG_WARN_NON_LITERAL_NULL_CONVERSION = YES;
				CLANG_WARN_OBJC_IMPLICIT_RETAIN_SELF = YES;
				CLANG_WARN_OBJC_LITERAL_CONVERSION = YES;
				CLANG_WARN_OBJC_ROOT_CLASS = YES_ERROR;
				CLANG_WARN_QUOTED_INCLUDE_IN_FRAMEWORK_HEADER = YES;
				CLANG_WARN_RANGE_LOOP_ANALYSIS = YES;
				CLANG_WARN_STRICT_PROTOTYPES = YES;
				CLANG_WARN_SUSPICIOUS_MOVE = YES;
				CLANG_WARN_UNGUARDED_AVAILABILITY = YES_AGGRESSIVE;
				CLANG_WARN_UNREACHABLE_CODE = YES;
				CLANG_WARN__DUPLICATE_METHOD_MATCH = YES;
				COPY_PHASE_STRIP = NO;
				DEBUG_INFORMATION_FORMAT = "dwarf-with-dsym";
				ENABLE_NS_ASSERTIONS = NO;
				ENABLE_STRICT_OBJC_MSGSEND = YES;
				ENABLE_USER_SCRIPT_SANDBOXING = YES;
				GCC_C_LANGUAGE_STANDARD = gnu17;
				GCC_NO_COMMON_BLOCKS = YES;
				GCC_WARN_64_TO_32_BIT_CONVERSION = YES;
				GCC_WARN_ABOUT_RETURN_TYPE = YES_ERROR;
				GCC_WARN_UNDECLARED_SELECTOR = YES;
				GCC_WARN_UNINITIALIZED_AUTOS = YES_AGGRESSIVE;
				GCC_WARN_UNUSED_FUNCTION = YES;
				GCC_WARN_UNUSED_VARIABLE = YES;
				IPHONEOS_DEPLOYMENT_TARGET = 17.5;
				LOCALIZATION_PREFERS_STRING_CATALOGS = YES;
				MTL_ENABLE_DEBUG_INFO = NO;
				MTL_FAST_MATH = YES;
				SDKROOT = iphoneos;
				SWIFT_COMPILATION_MODE = wholemodule;
				VALIDATE_PRODUCT = YES;
			};
			name = Release;
		};
		E9119DE22C2A3D1100650171 /* Debug */ = {
			isa = XCBuildConfiguration;
			buildSettings = {
				ASSETCATALOG_COMPILER_APPICON_NAME = AppIcon;
				ASSETCATALOG_COMPILER_GLOBAL_ACCENT_COLOR_NAME = AccentColor;
				CODE_SIGN_STYLE = Automatic;
				CURRENT_PROJECT_VERSION = 1;
				DEVELOPMENT_ASSET_PATHS = "\"Modulo 9 Practica 1/Preview Content\"";
				DEVELOPMENT_TEAM = 567FDZM4P9;
				ENABLE_PREVIEWS = YES;
				GENERATE_INFOPLIST_FILE = YES;
				INFOPLIST_FILE = "Modulo-9-Practica-1-Info.plist";
				INFOPLIST_KEY_UIApplicationSceneManifest_Generation = YES;
				INFOPLIST_KEY_UIApplicationSupportsIndirectInputEvents = YES;
				INFOPLIST_KEY_UILaunchScreen_Generation = YES;
				INFOPLIST_KEY_UISupportedInterfaceOrientations_iPad = "UIInterfaceOrientationPortrait UIInterfaceOrientationPortraitUpsideDown UIInterfaceOrientationLandscapeLeft UIInterfaceOrientationLandscapeRight";
				INFOPLIST_KEY_UISupportedInterfaceOrientations_iPhone = "UIInterfaceOrientationPortrait UIInterfaceOrientationLandscapeLeft UIInterfaceOrientationLandscapeRight";
				LD_RUNPATH_SEARCH_PATHS = (
					"$(inherited)",
					"@executable_path/Frameworks",
				);
				MARKETING_VERSION = 1.0;
				PRODUCT_BUNDLE_IDENTIFIER = "com.aamg.Modulo-9-Practica-1";
				PRODUCT_NAME = "$(TARGET_NAME)";
				SWIFT_EMIT_LOC_STRINGS = YES;
				SWIFT_VERSION = 5.0;
				TARGETED_DEVICE_FAMILY = "1,2";
			};
			name = Debug;
		};
		E9119DE32C2A3D1100650171 /* Release */ = {
			isa = XCBuildConfiguration;
			buildSettings = {
				ASSETCATALOG_COMPILER_APPICON_NAME = AppIcon;
				ASSETCATALOG_COMPILER_GLOBAL_ACCENT_COLOR_NAME = AccentColor;
				CODE_SIGN_STYLE = Automatic;
				CURRENT_PROJECT_VERSION = 1;
				DEVELOPMENT_ASSET_PATHS = "\"Modulo 9 Practica 1/Preview Content\"";
				DEVELOPMENT_TEAM = 567FDZM4P9;
				ENABLE_PREVIEWS = YES;
				GENERATE_INFOPLIST_FILE = YES;
				INFOPLIST_FILE = "Modulo-9-Practica-1-Info.plist";
				INFOPLIST_KEY_UIApplicationSceneManifest_Generation = YES;
				INFOPLIST_KEY_UIApplicationSupportsIndirectInputEvents = YES;
				INFOPLIST_KEY_UILaunchScreen_Generation = YES;
				INFOPLIST_KEY_UISupportedInterfaceOrientations_iPad = "UIInterfaceOrientationPortrait UIInterfaceOrientationPortraitUpsideDown UIInterfaceOrientationLandscapeLeft UIInterfaceOrientationLandscapeRight";
				INFOPLIST_KEY_UISupportedInterfaceOrientations_iPhone = "UIInterfaceOrientationPortrait UIInterfaceOrientationLandscapeLeft UIInterfaceOrientationLandscapeRight";
				LD_RUNPATH_SEARCH_PATHS = (
					"$(inherited)",
					"@executable_path/Frameworks",
				);
				MARKETING_VERSION = 1.0;
				PRODUCT_BUNDLE_IDENTIFIER = "com.aamg.Modulo-9-Practica-1";
				PRODUCT_NAME = "$(TARGET_NAME)";
				SWIFT_EMIT_LOC_STRINGS = YES;
				SWIFT_VERSION = 5.0;
				TARGETED_DEVICE_FAMILY = "1,2";
			};
			name = Release;
		};
/* End XCBuildConfiguration section */

/* Begin XCConfigurationList section */
		E9119DCE2C2A3D1000650171 /* Build configuration list for PBXProject "Modulo 9 Practica 1" */ = {
			isa = XCConfigurationList;
			buildConfigurations = (
				E9119DDF2C2A3D1100650171 /* Debug */,
				E9119DE02C2A3D1100650171 /* Release */,
			);
			defaultConfigurationIsVisible = 0;
			defaultConfigurationName = Release;
		};
		E9119DE12C2A3D1100650171 /* Build configuration list for PBXNativeTarget "Modulo 9 Practica 1" */ = {
			isa = XCConfigurationList;
			buildConfigurations = (
				E9119DE22C2A3D1100650171 /* Debug */,
				E9119DE32C2A3D1100650171 /* Release */,
			);
			defaultConfigurationIsVisible = 0;
			defaultConfigurationName = Release;
		};
/* End XCConfigurationList section */
	};
	rootObject = E9119DCB2C2A3D1000650171 /* Project object */;
}
